
Microsoft Visual Studio Solution File, Format Version 12.00
# Visual Studio Version 17
VisualStudioVersion = 17.0.31903.59
MinimumVisualStudioVersion = 10.0.40219.1
Project("{FAE04EC0-301F-11D3-BF4B-00C04F79EFBC}") = "lab1.Domain", "lab1.Domain\lab1.Domain.csproj", "{1212BAED-A7BC-4E46-9C11-36A23F2A8090}"
EndProject
Project("{FAE04EC0-301F-11D3-BF4B-00C04F79EFBC}") = "lab1.Application", "lab1.Application\lab1.Application.csproj", "{C1913EAE-E689-41DA-8700-852C53F700EE}"
EndProject
Project("{FAE04EC0-301F-11D3-BF4B-00C04F79EFBC}") = "lab1.Infrastructure", "lab1.Infrastructure\lab1.Infrastructure.csproj", "{FCB51AF6-58E5-45B8-9A5C-264154ECDC5F}"
EndProject
Project("{FAE04EC0-301F-11D3-BF4B-00C04F79EFBC}") = "lab1.Presentation", "lab1.Presentation\lab1.Presentation.csproj", "{A1C96D8E-4023-444F-88DE-76FC766B4246}"
EndProject
Global
	GlobalSection(SolutionConfigurationPlatforms) = preSolution
		Debug|Any CPU = Debug|Any CPU
		Debug|x64 = Debug|x64
		Debug|x86 = Debug|x86
		Release|Any CPU = Release|Any CPU
		Release|x64 = Release|x64
		Release|x86 = Release|x86
	EndGlobalSection
	GlobalSection(ProjectConfigurationPlatforms) = postSolution
		{1212BAED-A7BC-4E46-9C11-36A23F2A8090}.Debug|Any CPU.ActiveCfg = Debug|Any CPU
		{1212BAED-A7BC-4E46-9C11-36A23F2A8090}.Debug|Any CPU.Build.0 = Debug|Any CPU
		{1212BAED-A7BC-4E46-9C11-36A23F2A8090}.Debug|x64.ActiveCfg = Debug|Any CPU
		{1212BAED-A7BC-4E46-9C11-36A23F2A8090}.Debug|x64.Build.0 = Debug|Any CPU
		{1212BAED-A7BC-4E46-9C11-36A23F2A8090}.Debug|x86.ActiveCfg = Debug|Any CPU
		{1212BAED-A7BC-4E46-9C11-36A23F2A8090}.Debug|x86.Build.0 = Debug|Any CPU
		{1212BAED-A7BC-4E46-9C11-36A23F2A8090}.Release|Any CPU.ActiveCfg = Release|Any CPU
		{1212BAED-A7BC-4E46-9C11-36A23F2A8090}.Release|Any CPU.Build.0 = Release|Any CPU
		{1212BAED-A7BC-4E46-9C11-36A23F2A8090}.Release|x64.ActiveCfg = Release|Any CPU
		{1212BAED-A7BC-4E46-9C11-36A23F2A8090}.Release|x64.Build.0 = Release|Any CPU
		{1212BAED-A7BC-4E46-9C11-36A23F2A8090}.Release|x86.ActiveCfg = Release|Any CPU
		{1212BAED-A7BC-4E46-9C11-36A23F2A8090}.Release|x86.Build.0 = Release|Any CPU
		{C1913EAE-E689-41DA-8700-852C53F700EE}.Debug|Any CPU.ActiveCfg = Debug|Any CPU
		{C1913EAE-E689-41DA-8700-852C53F700EE}.Debug|Any CPU.Build.0 = Debug|Any CPU
		{C1913EAE-E689-41DA-8700-852C53F700EE}.Debug|x64.ActiveCfg = Debug|Any CPU
		{C1913EAE-E689-41DA-8700-852C53F700EE}.Debug|x64.Build.0 = Debug|Any CPU
		{C1913EAE-E689-41DA-8700-852C53F700EE}.Debug|x86.ActiveCfg = Debug|Any CPU
		{C1913EAE-E689-41DA-8700-852C53F700EE}.Debug|x86.Build.0 = Debug|Any CPU
		{C1913EAE-E689-41DA-8700-852C53F700EE}.Release|Any CPU.ActiveCfg = Release|Any CPU
		{C1913EAE-E689-41DA-8700-852C53F700EE}.Release|Any CPU.Build.0 = Release|Any CPU
		{C1913EAE-E689-41DA-8700-852C53F700EE}.Release|x64.ActiveCfg = Release|Any CPU
		{C1913EAE-E689-41DA-8700-852C53F700EE}.Release|x64.Build.0 = Release|Any CPU
		{C1913EAE-E689-41DA-8700-852C53F700EE}.Release|x86.ActiveCfg = Release|Any CPU
		{C1913EAE-E689-41DA-8700-852C53F700EE}.Release|x86.Build.0 = Release|Any CPU
		{FCB51AF6-58E5-45B8-9A5C-264154ECDC5F}.Debug|Any CPU.ActiveCfg = Debug|Any CPU
		{FCB51AF6-58E5-45B8-9A5C-264154ECDC5F}.Debug|Any CPU.Build.0 = Debug|Any CPU
		{FCB51AF6-58E5-45B8-9A5C-264154ECDC5F}.Debug|x64.ActiveCfg = Debug|Any CPU
		{FCB51AF6-58E5-45B8-9A5C-264154ECDC5F}.Debug|x64.Build.0 = Debug|Any CPU
		{FCB51AF6-58E5-45B8-9A5C-264154ECDC5F}.Debug|x86.ActiveCfg = Debug|Any CPU
		{FCB51AF6-58E5-45B8-9A5C-264154ECDC5F}.Debug|x86.Build.0 = Debug|Any CPU
		{FCB51AF6-58E5-45B8-9A5C-264154ECDC5F}.Release|Any CPU.ActiveCfg = Release|Any CPU
		{FCB51AF6-58E5-45B8-9A5C-264154ECDC5F}.Release|Any CPU.Build.0 = Release|Any CPU
		{FCB51AF6-58E5-45B8-9A5C-264154ECDC5F}.Release|x64.ActiveCfg = Release|Any CPU
		{FCB51AF6-58E5-45B8-9A5C-264154ECDC5F}.Release|x64.Build.0 = Release|Any CPU
		{FCB51AF6-58E5-45B8-9A5C-264154ECDC5F}.Release|x86.ActiveCfg = Release|Any CPU
		{FCB51AF6-58E5-45B8-9A5C-264154ECDC5F}.Release|x86.Build.0 = Release|Any CPU
		{A1C96D8E-4023-444F-88DE-76FC766B4246}.Debug|Any CPU.ActiveCfg = Debug|Any CPU
		{A1C96D8E-4023-444F-88DE-76FC766B4246}.Debug|Any CPU.Build.0 = Debug|Any CPU
		{A1C96D8E-4023-444F-88DE-76FC766B4246}.Debug|x64.ActiveCfg = Debug|Any CPU
		{A1C96D8E-4023-444F-88DE-76FC766B4246}.Debug|x64.Build.0 = Debug|Any CPU
		{A1C96D8E-4023-444F-88DE-76FC766B4246}.Debug|x86.ActiveCfg = Debug|Any CPU
		{A1C96D8E-4023-444F-88DE-76FC766B4246}.Debug|x86.Build.0 = Debug|Any CPU
		{A1C96D8E-4023-444F-88DE-76FC766B4246}.Release|Any CPU.ActiveCfg = Release|Any CPU
		{A1C96D8E-4023-444F-88DE-76FC766B4246}.Release|Any CPU.Build.0 = Release|Any CPU
		{A1C96D8E-4023-444F-88DE-76FC766B4246}.Release|x64.ActiveCfg = Release|Any CPU
		{A1C96D8E-4023-444F-88DE-76FC766B4246}.Release|x64.Build.0 = Release|Any CPU
		{A1C96D8E-4023-444F-88DE-76FC766B4246}.Release|x86.ActiveCfg = Release|Any CPU
		{A1C96D8E-4023-444F-88DE-76FC766B4246}.Release|x86.Build.0 = Release|Any CPU
	EndGlobalSection
	GlobalSection(SolutionProperties) = preSolution
		HideSolutionNode = FALSE
	EndGlobalSection
EndGlobal
